// !$*UTF8*$!
{
	archiveVersion = 1;
	classes = {
	};
	objectVersion = 50;
	objects = {

/* Begin PBXBuildFile section */
		8BC6DB6C215046FF0077C80C /* AppDelegate.swift in Sources */ = {isa = PBXBuildFile; fileRef = 8BC6DB6B215046FF0077C80C /* AppDelegate.swift */; };
		8BC6DB6E215046FF0077C80C /* art.scnassets in Resources */ = {isa = PBXBuildFile; fileRef = 8BC6DB6D215046FF0077C80C /* art.scnassets */; };
		8BC6DB70215046FF0077C80C /* BunkerPlacerVC.swift in Sources */ = {isa = PBXBuildFile; fileRef = 8BC6DB6F215046FF0077C80C /* BunkerPlacerVC.swift */; };
		8BC6DB73215046FF0077C80C /* Main.storyboard in Resources */ = {isa = PBXBuildFile; fileRef = 8BC6DB71215046FF0077C80C /* Main.storyboard */; };
		8BC6DB75215047000077C80C /* Assets.xcassets in Resources */ = {isa = PBXBuildFile; fileRef = 8BC6DB74215047000077C80C /* Assets.xcassets */; };
		8BC6DB78215047000077C80C /* LaunchScreen.storyboard in Resources */ = {isa = PBXBuildFile; fileRef = 8BC6DB76215047000077C80C /* LaunchScreen.storyboard */; };
/* End PBXBuildFile section */

/* Begin PBXFileReference section */
		8BC6DB68215046FF0077C80C /* BunkerDown.app */ = {isa = PBXFileReference; explicitFileType = wrapper.application; includeInIndex = 0; path = BunkerDown.app; sourceTree = BUILT_PRODUCTS_DIR; };
		8BC6DB6B215046FF0077C80C /* AppDelegate.swift */ = {isa = PBXFileReference; lastKnownFileType = sourcecode.swift; path = AppDelegate.swift; sourceTree = "<group>"; };
		8BC6DB6D215046FF0077C80C /* art.scnassets */ = {isa = PBXFileReference; lastKnownFileType = wrapper.scnassets; path = art.scnassets; sourceTree = "<group>"; };
		8BC6DB6F215046FF0077C80C /* BunkerPlacerVC.swift */ = {isa = PBXFileReference; lastKnownFileType = sourcecode.swift; path = BunkerPlacerVC.swift; sourceTree = "<group>"; };
		8BC6DB72215046FF0077C80C /* Base */ = {isa = PBXFileReference; lastKnownFileType = file.storyboard; name = Base; path = Base.lproj/Main.storyboard; sourceTree = "<group>"; };
		8BC6DB74215047000077C80C /* Assets.xcassets */ = {isa = PBXFileReference; lastKnownFileType = folder.assetcatalog; path = Assets.xcassets; sourceTree = "<group>"; };
		8BC6DB77215047000077C80C /* Base */ = {isa = PBXFileReference; lastKnownFileType = file.storyboard; name = Base; path = Base.lproj/LaunchScreen.storyboard; sourceTree = "<group>"; };
		8BC6DB79215047000077C80C /* Info.plist */ = {isa = PBXFileReference; lastKnownFileType = text.plist.xml; path = Info.plist; sourceTree = "<group>"; };
/* End PBXFileReference section */

/* Begin PBXFrameworksBuildPhase section */
		8BC6DB65215046FF0077C80C /* Frameworks */ = {
			isa = PBXFrameworksBuildPhase;
			buildActionMask = 2147483647;
			files = (
			);
			runOnlyForDeploymentPostprocessing = 0;
		};
/* End PBXFrameworksBuildPhase section */

/* Begin PBXGroup section */
		8BC6DB5F215046FF0077C80C = {
			isa = PBXGroup;
			children = (
				8BC6DB6A215046FF0077C80C /* BunkerDown */,
				8BC6DB69215046FF0077C80C /* Products */,
			);
			sourceTree = "<group>";
		};
		8BC6DB69215046FF0077C80C /* Products */ = {
			isa = PBXGroup;
			children = (
				8BC6DB68215046FF0077C80C /* BunkerDown.app */,
			);
			name = Products;
			sourceTree = "<group>";
		};
		8BC6DB6A215046FF0077C80C /* BunkerDown */ = {
			isa = PBXGroup;
			children = (
				8BC6DB7F215048A00077C80C /* Controllers */,
				8BC6DB6B215046FF0077C80C /* AppDelegate.swift */,
				8BC6DB6D215046FF0077C80C /* art.scnassets */,
				8BC6DB71215046FF0077C80C /* Main.storyboard */,
				8BC6DB74215047000077C80C /* Assets.xcassets */,
				8BC6DB76215047000077C80C /* LaunchScreen.storyboard */,
				8BC6DB79215047000077C80C /* Info.plist */,
			);
			path = BunkerDown;
			sourceTree = "<group>";
		};
		8BC6DB7F215048A00077C80C /* Controllers */ = {
			isa = PBXGroup;
			children = (
				8BC6DB6F215046FF0077C80C /* BunkerPlacerVC.swift */,
			);
			path = Controllers;
			sourceTree = "<group>";
		};
/* End PBXGroup section */

/* Begin PBXNativeTarget section */
		8BC6DB67215046FF0077C80C /* BunkerDown */ = {
			isa = PBXNativeTarget;
			buildConfigurationList = 8BC6DB7C215047000077C80C /* Build configuration list for PBXNativeTarget "BunkerDown" */;
			buildPhases = (
				8BC6DB64215046FF0077C80C /* Sources */,
				8BC6DB65215046FF0077C80C /* Frameworks */,
				8BC6DB66215046FF0077C80C /* Resources */,
			);
			buildRules = (
			);
			dependencies = (
			);
			name = BunkerDown;
			productName = BunkerDown;
			productReference = 8BC6DB68215046FF0077C80C /* BunkerDown.app */;
			productType = "com.apple.product-type.application";
		};
/* End PBXNativeTarget section */

/* Begin PBXProject section */
		8BC6DB60215046FF0077C80C /* Project object */ = {
			isa = PBXProject;
			attributes = {
				LastSwiftUpdateCheck = 0940;
				LastUpgradeCheck = 0940;
				ORGANIZATIONNAME = "Andre Burgoyne";
				TargetAttributes = {
					8BC6DB67215046FF0077C80C = {
						CreatedOnToolsVersion = 9.4.1;
					};
				};
			};
			buildConfigurationList = 8BC6DB63215046FF0077C80C /* Build configuration list for PBXProject "BunkerDown" */;
			compatibilityVersion = "Xcode 9.3";
			developmentRegion = en;
			hasScannedForEncodings = 0;
			knownRegions = (
				en,
				Base,
			);
			mainGroup = 8BC6DB5F215046FF0077C80C;
			productRefGroup = 8BC6DB69215046FF0077C80C /* Products */;
			projectDirPath = "";
			projectRoot = "";
			targets = (
				8BC6DB67215046FF0077C80C /* BunkerDown */,
			);
		};
/* End PBXProject section */

/* Begin PBXResourcesBuildPhase section */
		8BC6DB66215046FF0077C80C /* Resources */ = {
			isa = PBXResourcesBuildPhase;
			buildActionMask = 2147483647;
			files = (
				8BC6DB6E215046FF0077C80C /* art.scnassets in Resources */,
				8BC6DB78215047000077C80C /* LaunchScreen.storyboard in Resources */,
				8BC6DB75215047000077C80C /* Assets.xcassets in Resources */,
				8BC6DB73215046FF0077C80C /* Main.storyboard in Resources */,
			);
			runOnlyForDeploymentPostprocessing = 0;
		};
/* End PBXResourcesBuildPhase section */

/* Begin PBXSourcesBuildPhase section */
		8BC6DB64215046FF0077C80C /* Sources */ = {
			isa = PBXSourcesBuildPhase;
			buildActionMask = 2147483647;
			files = (
				8BC6DB70215046FF0077C80C /* BunkerPlacerVC.swift in Sources */,
				8BC6DB6C215046FF0077C80C /* AppDelegate.swift in Sources */,
			);
			runOnlyForDeploymentPostprocessing = 0;
		};
/* End PBXSourcesBuildPhase section */

/* Begin PBXVariantGroup section */
		8BC6DB71215046FF0077C80C /* Main.storyboard */ = {
			isa = PBXVariantGroup;
			children = (
				8BC6DB72215046FF0077C80C /* Base */,
			);
			name = Main.storyboard;
			sourceTree = "<group>";
		};
		8BC6DB76215047000077C80C /* LaunchScreen.storyboard */ = {
			isa = PBXVariantGroup;
			children = (
				8BC6DB77215047000077C80C /* Base */,
			);
			name = LaunchScreen.storyboard;
			sourceTree = "<group>";
		};
/* End PBXVariantGroup section */

/* Begin XCBuildConfiguration section */
		8BC6DB7A215047000077C80C /* Debug */ = {
			isa = XCBuildConfiguration;
			buildSettings = {
				ALWAYS_SEARCH_USER_PATHS = NO;
				CLANG_ANALYZER_NONNULL = YES;
				CLANG_ANALYZER_NUMBER_OBJECT_CONVERSION = YES_AGGRESSIVE;
				CLANG_CXX_LANGUAGE_STANDARD = "gnu++14";
				CLANG_CXX_LIBRARY = "libc++";
				CLANG_ENABLE_MODULES = YES;
				CLANG_ENABLE_OBJC_ARC = YES;
				CLANG_ENABLE_OBJC_WEAK = YES;
				CLANG_WARN_BLOCK_CAPTURE_AUTORELEASING = YES;
				CLANG_WARN_BOOL_CONVERSION = YES;
				CLANG_WARN_COMMA = YES;
				CLANG_WARN_CONSTANT_CONVERSION = YES;
				CLANG_WARN_DEPRECATED_OBJC_IMPLEMENTATIONS = YES;
				CLANG_WARN_DIRECT_OBJC_ISA_USAGE = YES_ERROR;
				CLANG_WARN_DOCUMENTATION_COMMENTS = YES;
				CLANG_WARN_EMPTY_BODY = YES;
				CLANG_WARN_ENUM_CONVERSION = YES;
				CLANG_WARN_INFINITE_RECURSION = YES;
				CLANG_WARN_INT_CONVERSION = YES;
				CLANG_WARN_NON_LITERAL_NULL_CONVERSION = YES;
				CLANG_WARN_OBJC_IMPLICIT_RETAIN_SELF = YES;
				CLANG_WARN_OBJC_LITERAL_CONVERSION = YES;
				CLANG_WARN_OBJC_ROOT_CLASS = YES_ERROR;
				CLANG_WARN_RANGE_LOOP_ANALYSIS = YES;
				CLANG_WARN_STRICT_PROTOTYPES = YES;
				CLANG_WARN_SUSPICIOUS_MOVE = YES;
				CLANG_WARN_UNGUARDED_AVAILABILITY = YES_AGGRESSIVE;
				CLANG_WARN_UNREACHABLE_CODE = YES;
				CLANG_WARN__DUPLICATE_METHOD_MATCH = YES;
				CODE_SIGN_IDENTITY = "iPhone Developer";
				COPY_PHASE_STRIP = NO;
				DEBUG_INFORMATION_FORMAT = dwarf;
				ENABLE_STRICT_OBJC_MSGSEND = YES;
				ENABLE_TESTABILITY = YES;
				GCC_C_LANGUAGE_STANDARD = gnu11;
				GCC_DYNAMIC_NO_PIC = NO;
				GCC_NO_COMMON_BLOCKS = YES;
				GCC_OPTIMIZATION_LEVEL = 0;
				GCC_PREPROCESSOR_DEFINITIONS = (
					"DEBUG=1",
					"$(inherited)",
				);
				GCC_WARN_64_TO_32_BIT_CONVERSION = YES;
				GCC_WARN_ABOUT_RETURN_TYPE = YES_ERROR;
				GCC_WARN_UNDECLARED_SELECTOR = YES;
				GCC_WARN_UNINITIALIZED_AUTOS = YES_AGGRESSIVE;
				GCC_WARN_UNUSED_FUNCTION = YES;
				GCC_WARN_UNUSED_VARIABLE = YES;
				IPHONEOS_DEPLOYMENT_TARGET = 11.4;
				MTL_ENABLE_DEBUG_INFO = YES;
				ONLY_ACTIVE_ARCH = YES;
				SDKROOT = iphoneos;
				SWIFT_ACTIVE_COMPILATION_CONDITIONS = DEBUG;
				SWIFT_OPTIMIZATION_LEVEL = "-Onone";
			};
			name = Debug;
		};
		8BC6DB7B215047000077C80C /* Release */ = {
			isa = XCBuildConfiguration;
			buildSettings = {
				ALWAYS_SEARCH_USER_PATHS = NO;
				CLANG_ANALYZER_NONNULL = YES;
				CLANG_ANALYZER_NUMBER_OBJECT_CONVERSION = YES_AGGRESSIVE;
				CLANG_CXX_LANGUAGE_STANDARD = "gnu++14";
				CLANG_CXX_LIBRARY = "libc++";
				CLANG_ENABLE_MODULES = YES;
				CLANG_ENABLE_OBJC_ARC = YES;
				CLANG_ENABLE_OBJC_WEAK = YES;
				CLANG_WARN_BLOCK_CAPTURE_AUTORELEASING = YES;
				CLANG_WARN_BOOL_CONVERSION = YES;
				CLANG_WARN_COMMA = YES;
				CLANG_WARN_CONSTANT_CONVERSION = YES;
				CLANG_WARN_DEPRECATED_OBJC_IMPLEMENTATIONS = YES;
				CLANG_WARN_DIRECT_OBJC_ISA_USAGE = YES_ERROR;
				CLANG_WARN_DOCUMENTATION_COMMENTS = YES;
				CLANG_WARN_EMPTY_BODY = YES;
				CLANG_WARN_ENUM_CONVERSION = YES;
				CLANG_WARN_INFINITE_RECURSION = YES;
				CLANG_WARN_INT_CONVERSION = YES;
				CLANG_WARN_NON_LITERAL_NULL_CONVERSION = YES;
				CLANG_WARN_OBJC_IMPLICIT_RETAIN_SELF = YES;
				CLANG_WARN_OBJC_LITERAL_CONVERSION = YES;
				CLANG_WARN_OBJC_ROOT_CLASS = YES_ERROR;
				CLANG_WARN_RANGE_LOOP_ANALYSIS = YES;
				CLANG_WARN_STRICT_PROTOTYPES = YES;
				CLANG_WARN_SUSPICIOUS_MOVE = YES;
				CLANG_WARN_UNGUARDED_AVAILABILITY = YES_AGGRESSIVE;
				CLANG_WARN_UNREACHABLE_CODE = YES;
				CLANG_WARN__DUPLICATE_METHOD_MATCH = YES;
				CODE_SIGN_IDENTITY = "iPhone Developer";
				COPY_PHASE_STRIP = NO;
				DEBUG_INFORMATION_FORMAT = "dwarf-with-dsym";
				ENABLE_NS_ASSERTIONS = NO;
				ENABLE_STRICT_OBJC_MSGSEND = YES;
				GCC_C_LANGUAGE_STANDARD = gnu11;
				GCC_NO_COMMON_BLOCKS = YES;
				GCC_WARN_64_TO_32_BIT_CONVERSION = YES;
				GCC_WARN_ABOUT_RETURN_TYPE = YES_ERROR;
				GCC_WARN_UNDECLARED_SELECTOR = YES;
				GCC_WARN_UNINITIALIZED_AUTOS = YES_AGGRESSIVE;
				GCC_WARN_UNUSED_FUNCTION = YES;
				GCC_WARN_UNUSED_VARIABLE = YES;
				IPHONEOS_DEPLOYMENT_TARGET = 11.4;
				MTL_ENABLE_DEBUG_INFO = NO;
				SDKROOT = iphoneos;
				SWIFT_COMPILATION_MODE = wholemodule;
				SWIFT_OPTIMIZATION_LEVEL = "-O";
				VALIDATE_PRODUCT = YES;
			};
			name = Release;
		};
		8BC6DB7D215047000077C80C /* Debug */ = {
			isa = XCBuildConfiguration;
			buildSettings = {
				ASSETCATALOG_COMPILER_APPICON_NAME = AppIcon;
				CODE_SIGN_STYLE = Automatic;
				DEVELOPMENT_TEAM = 7RCYP48HQ2;
				INFOPLIST_FILE = BunkerDown/Info.plist;
				LD_RUNPATH_SEARCH_PATHS = (
					"$(inherited)",
					"@executable_path/Frameworks",
				);
				PRODUCT_BUNDLE_IDENTIFIER = com.atburgoyne.BunkerDown;
				PRODUCT_NAME = "$(TARGET_NAME)";
				SWIFT_VERSION = 4.0;
				TARGETED_DEVICE_FAMILY = "1,2";
			};
			name = Debug;
		};
		8BC6DB7E215047000077C80C /* Release */ = {
			isa = XCBuildConfiguration;
			buildSettings = {
				ASSETCATALOG_COMPILER_APPICON_NAME = AppIcon;
				CODE_SIGN_STYLE = Automatic;
				DEVELOPMENT_TEAM = 7RCYP48HQ2;
				INFOPLIST_FILE = BunkerDown/Info.plist;
				LD_RUNPATH_SEARCH_PATHS = (
					"$(inherited)",
					"@executable_path/Frameworks",
				);
				PRODUCT_BUNDLE_IDENTIFIER = com.atburgoyne.BunkerDown;
				PRODUCT_NAME = "$(TARGET_NAME)";
				SWIFT_VERSION = 4.0;
				TARGETED_DEVICE_FAMILY = "1,2";
			};
			name = Release;
		};
/* End XCBuildConfiguration section */

/* Begin XCConfigurationList section */
		8BC6DB63215046FF0077C80C /* Build configuration list for PBXProject "BunkerDown" */ = {
			isa = XCConfigurationList;
			buildConfigurations = (
				8BC6DB7A215047000077C80C /* Debug */,
				8BC6DB7B215047000077C80C /* Release */,
			);
			defaultConfigurationIsVisible = 0;
			defaultConfigurationName = Release;
		};
		8BC6DB7C215047000077C80C /* Build configuration list for PBXNativeTarget "BunkerDown" */ = {
			isa = XCConfigurationList;
			buildConfigurations = (
				8BC6DB7D215047000077C80C /* Debug */,
				8BC6DB7E215047000077C80C /* Release */,
			);
			defaultConfigurationIsVisible = 0;
			defaultConfigurationName = Release;
		};
/* End XCConfigurationList section */
	};
	rootObject = 8BC6DB60215046FF0077C80C /* Project object */;
}
